
Microsoft Visual Studio Solution File, Format Version 12.00
# Visual Studio 15
VisualStudioVersion = 15.0.28307.106
MinimumVisualStudioVersion = 10.0.40219.1
Project("{FAE04EC0-301F-11D3-BF4B-00C04F79EFBC}") = "DoYouEvenLiftBro", "DoYouEvenLiftBro\DoYouEvenLiftBro.csproj", "{66A7F0B5-32BF-4F1C-A3E7-9BF9190B4640}"
EndProject
Global
	GlobalSection(SolutionConfigurationPlatforms) = preSolution
		Debug|Any CPU = Debug|Any CPU
		Release|Any CPU = Release|Any CPU
	EndGlobalSection
	GlobalSection(ProjectConfigurationPlatforms) = postSolution
		{66A7F0B5-32BF-4F1C-A3E7-9BF9190B4640}.Debug|Any CPU.ActiveCfg = Debug|Any CPU
		{66A7F0B5-32BF-4F1C-A3E7-9BF9190B4640}.Debug|Any CPU.Build.0 = Debug|Any CPU
		{66A7F0B5-32BF-4F1C-A3E7-9BF9190B4640}.Release|Any CPU.ActiveCfg = Release|Any CPU
		{66A7F0B5-32BF-4F1C-A3E7-9BF9190B4640}.Release|Any CPU.Build.0 = Release|Any CPU
	EndGlobalSection
	GlobalSection(SolutionProperties) = preSolution
		HideSolutionNode = FALSE
	EndGlobalSection
	GlobalSection(ExtensibilityGlobals) = postSolution
		SolutionGuid = {21AD48F5-63E3-4BBF-BED5-98E29FF5D80F}
	EndGlobalSection
EndGlobal
